
Microsoft Visual Studio Solution File, Format Version 12.00
# Visual Studio Version 17
VisualStudioVersion = 17.5.33516.290
MinimumVisualStudioVersion = 10.0.40219.1
Project("{8BC9CEB8-8B4A-11D0-8D11-00A0C91BC942}") = "11-1", "11-1\11-1.vcxproj", "{3845402C-182B-4F73-8270-03F04415BE77}"
EndProject
Project("{8BC9CEB8-8B4A-11D0-8D11-00A0C91BC942}") = "11-2", "11-2\11-2.vcxproj", "{7572EB7B-4625-4BD2-AE7C-9AB06789E963}"
EndProject
Project("{8BC9CEB8-8B4A-11D0-8D11-00A0C91BC942}") = "12-1", "12-1\12-1.vcxproj", "{E9788F9E-DEB3-4557-942C-1EE39B329E31}"
EndProject
Project("{8BC9CEB8-8B4A-11D0-8D11-00A0C91BC942}") = "22-1", "22-1\22-1.vcxproj", "{7E1AC8E1-C0E5-463E-98C8-6602B2972CA2}"
EndProject
Project("{8BC9CEB8-8B4A-11D0-8D11-00A0C91BC942}") = "22-2", "22-2\22-2.vcxproj", "{A747806B-F015-4819-8E91-A3B80522E3E8}"
EndProject
Global
	GlobalSection(SolutionConfigurationPlatforms) = preSolution
		Debug|x64 = Debug|x64
		Debug|x86 = Debug|x86
		Release|x64 = Release|x64
		Release|x86 = Release|x86
	EndGlobalSection
	GlobalSection(ProjectConfigurationPlatforms) = postSolution
		{3845402C-182B-4F73-8270-03F04415BE77}.Debug|x64.ActiveCfg = Debug|x64
		{3845402C-182B-4F73-8270-03F04415BE77}.Debug|x64.Build.0 = Debug|x64
		{3845402C-182B-4F73-8270-03F04415BE77}.Debug|x86.ActiveCfg = Debug|Win32
		{3845402C-182B-4F73-8270-03F04415BE77}.Debug|x86.Build.0 = Debug|Win32
		{3845402C-182B-4F73-8270-03F04415BE77}.Release|x64.ActiveCfg = Release|x64
		{3845402C-182B-4F73-8270-03F04415BE77}.Release|x64.Build.0 = Release|x64
		{3845402C-182B-4F73-8270-03F04415BE77}.Release|x86.ActiveCfg = Release|Win32
		{3845402C-182B-4F73-8270-03F04415BE77}.Release|x86.Build.0 = Release|Win32
		{7572EB7B-4625-4BD2-AE7C-9AB06789E963}.Debug|x64.ActiveCfg = Debug|x64
		{7572EB7B-4625-4BD2-AE7C-9AB06789E963}.Debug|x64.Build.0 = Debug|x64
		{7572EB7B-4625-4BD2-AE7C-9AB06789E963}.Debug|x86.ActiveCfg = Debug|Win32
		{7572EB7B-4625-4BD2-AE7C-9AB06789E963}.Debug|x86.Build.0 = Debug|Win32
		{7572EB7B-4625-4BD2-AE7C-9AB06789E963}.Release|x64.ActiveCfg = Release|x64
		{7572EB7B-4625-4BD2-AE7C-9AB06789E963}.Release|x64.Build.0 = Release|x64
		{7572EB7B-4625-4BD2-AE7C-9AB06789E963}.Release|x86.ActiveCfg = Release|Win32
		{7572EB7B-4625-4BD2-AE7C-9AB06789E963}.Release|x86.Build.0 = Release|Win32
		{E9788F9E-DEB3-4557-942C-1EE39B329E31}.Debug|x64.ActiveCfg = Debug|x64
		{E9788F9E-DEB3-4557-942C-1EE39B329E31}.Debug|x64.Build.0 = Debug|x64
		{E9788F9E-DEB3-4557-942C-1EE39B329E31}.Debug|x86.ActiveCfg = Debug|Win32
		{E9788F9E-DEB3-4557-942C-1EE39B329E31}.Debug|x86.Build.0 = Debug|Win32
		{E9788F9E-DEB3-4557-942C-1EE39B329E31}.Release|x64.ActiveCfg = Release|x64
		{E9788F9E-DEB3-4557-942C-1EE39B329E31}.Release|x64.Build.0 = Release|x64
		{E9788F9E-DEB3-4557-942C-1EE39B329E31}.Release|x86.ActiveCfg = Release|Win32
		{E9788F9E-DEB3-4557-942C-1EE39B329E31}.Release|x86.Build.0 = Release|Win32
		{7E1AC8E1-C0E5-463E-98C8-6602B2972CA2}.Debug|x64.ActiveCfg = Debug|x64
		{7E1AC8E1-C0E5-463E-98C8-6602B2972CA2}.Debug|x64.Build.0 = Debug|x64
		{7E1AC8E1-C0E5-463E-98C8-6602B2972CA2}.Debug|x86.ActiveCfg = Debug|Win32
		{7E1AC8E1-C0E5-463E-98C8-6602B2972CA2}.Debug|x86.Build.0 = Debug|Win32
		{7E1AC8E1-C0E5-463E-98C8-6602B2972CA2}.Release|x64.ActiveCfg = Release|x64
		{7E1AC8E1-C0E5-463E-98C8-6602B2972CA2}.Release|x64.Build.0 = Release|x64
		{7E1AC8E1-C0E5-463E-98C8-6602B2972CA2}.Release|x86.ActiveCfg = Release|Win32
		{7E1AC8E1-C0E5-463E-98C8-6602B2972CA2}.Release|x86.Build.0 = Release|Win32
		{A747806B-F015-4819-8E91-A3B80522E3E8}.Debug|x64.ActiveCfg = Debug|x64
		{A747806B-F015-4819-8E91-A3B80522E3E8}.Debug|x64.Build.0 = Debug|x64
		{A747806B-F015-4819-8E91-A3B80522E3E8}.Debug|x86.ActiveCfg = Debug|Win32
		{A747806B-F015-4819-8E91-A3B80522E3E8}.Debug|x86.Build.0 = Debug|Win32
		{A747806B-F015-4819-8E91-A3B80522E3E8}.Release|x64.ActiveCfg = Release|x64
		{A747806B-F015-4819-8E91-A3B80522E3E8}.Release|x64.Build.0 = Release|x64
		{A747806B-F015-4819-8E91-A3B80522E3E8}.Release|x86.ActiveCfg = Release|Win32
		{A747806B-F015-4819-8E91-A3B80522E3E8}.Release|x86.Build.0 = Release|Win32
	EndGlobalSection
	GlobalSection(SolutionProperties) = preSolution
		HideSolutionNode = FALSE
	EndGlobalSection
	GlobalSection(ExtensibilityGlobals) = postSolution
		SolutionGuid = {F13151C2-FB13-4000-A1A1-5B49E9B7BFE5}
	EndGlobalSection
EndGlobal
