
Microsoft Visual Studio Solution File, Format Version 12.00
# Visual Studio Version 17
VisualStudioVersion = 17.4.33213.308
MinimumVisualStudioVersion = 10.0.40219.1
Project("{8BC9CEB8-8B4A-11D0-8D11-00A0C91BC942}") = "3-1", "3-1\3-1.vcxproj", "{FBC777C3-FE4E-4AF6-849B-46ABDB6500D2}"
EndProject
Project("{8BC9CEB8-8B4A-11D0-8D11-00A0C91BC942}") = "3-2", "3-2\3-2.vcxproj", "{A2066B40-A066-4711-9067-82968A683A5D}"
EndProject
Project("{8BC9CEB8-8B4A-11D0-8D11-00A0C91BC942}") = "3-3", "3-3\3-3.vcxproj", "{D933B641-491A-4D11-B232-1C916ADFB8F2}"
EndProject
Project("{8BC9CEB8-8B4A-11D0-8D11-00A0C91BC942}") = "3-4", "3-4\3-4.vcxproj", "{42E7B0A5-E1F2-47E2-AC57-736B3792E518}"
EndProject
Project("{8BC9CEB8-8B4A-11D0-8D11-00A0C91BC942}") = "3-5", "3-5\3-5.vcxproj", "{6159AD49-0E0A-4C80-BEBB-D10C50096346}"
EndProject
Project("{8BC9CEB8-8B4A-11D0-8D11-00A0C91BC942}") = "0-1", "0-1\0-1.vcxproj", "{E01644EA-4696-491F-8756-B20D656E0A70}"
EndProject
Project("{8BC9CEB8-8B4A-11D0-8D11-00A0C91BC942}") = "0-2", "0-2\0-2.vcxproj", "{86A5BA17-F544-4CFA-AD8A-B6FB7F263287}"
EndProject
Project("{8BC9CEB8-8B4A-11D0-8D11-00A0C91BC942}") = "0-3", "0-3\0-3.vcxproj", "{1EE1AB04-3352-4849-AAC1-C6335A56EE39}"
EndProject
Project("{8BC9CEB8-8B4A-11D0-8D11-00A0C91BC942}") = "0-4", "0-4\0-4.vcxproj", "{36558C93-D169-4854-914C-2C585E06E37A}"
EndProject
Project("{8BC9CEB8-8B4A-11D0-8D11-00A0C91BC942}") = "1-1", "1-1\1-1.vcxproj", "{499DC332-28BC-4D9A-AA7A-433E2805FD40}"
EndProject
Project("{8BC9CEB8-8B4A-11D0-8D11-00A0C91BC942}") = "1-2", "1-2\1-2.vcxproj", "{85008908-AA27-4A74-951B-C3A9905D4BD1}"
EndProject
Project("{8BC9CEB8-8B4A-11D0-8D11-00A0C91BC942}") = "1-3", "1-3\1-3.vcxproj", "{65C7BA41-5304-49B6-A861-B327D39F1AB6}"
EndProject
Project("{8BC9CEB8-8B4A-11D0-8D11-00A0C91BC942}") = "1-4", "1-4\1-4.vcxproj", "{101F8690-4C5F-47F9-A6A3-B9FA726F9C6E}"
EndProject
Project("{8BC9CEB8-8B4A-11D0-8D11-00A0C91BC942}") = "2-1", "2-1\2-1.vcxproj", "{BA40F970-0A0D-474E-B6FA-82AD5EB952D1}"
EndProject
Project("{8BC9CEB8-8B4A-11D0-8D11-00A0C91BC942}") = "2-2", "2-2\2-2.vcxproj", "{A3917ABD-DF9E-4BF0-801A-D31969A0F044}"
EndProject
Project("{8BC9CEB8-8B4A-11D0-8D11-00A0C91BC942}") = "2-3", "2-3\2-3.vcxproj", "{81C8D967-D016-4791-B804-21F853E3CFD7}"
EndProject
Project("{8BC9CEB8-8B4A-11D0-8D11-00A0C91BC942}") = "2-4", "2-4\2-4.vcxproj", "{0ABA603F-5EF1-47A4-AB03-E5DF36ADB031}"
EndProject
Project("{8BC9CEB8-8B4A-11D0-8D11-00A0C91BC942}") = "2-5", "2-5\2-5.vcxproj", "{407CA149-7E1B-49C4-993F-DAC81407319C}"
EndProject
Project("{8BC9CEB8-8B4A-11D0-8D11-00A0C91BC942}") = "4-1", "4-1\4-1.vcxproj", "{0726F1FE-354D-484C-BF77-CA7AAA732AE1}"
EndProject
Project("{8BC9CEB8-8B4A-11D0-8D11-00A0C91BC942}") = "4-2", "4-2\4-2.vcxproj", "{2776C9F4-431A-43D8-A523-EC534AAE9116}"
EndProject
Project("{8BC9CEB8-8B4A-11D0-8D11-00A0C91BC942}") = "5-1", "5-1\5-1.vcxproj", "{A92229BB-4024-4E2B-A53B-EEC70F78C919}"
EndProject
Project("{8BC9CEB8-8B4A-11D0-8D11-00A0C91BC942}") = "5-2", "5-2\5-2.vcxproj", "{85F966EB-ED28-4A76-AD68-356DA72C3DAF}"
EndProject
Project("{8BC9CEB8-8B4A-11D0-8D11-00A0C91BC942}") = "5-3", "5-3\5-3.vcxproj", "{6EE2F9DB-03BB-4A8E-84C7-5535D0844867}"
EndProject
Global
	GlobalSection(SolutionConfigurationPlatforms) = preSolution
		Debug|x64 = Debug|x64
		Debug|x86 = Debug|x86
		Release|x64 = Release|x64
		Release|x86 = Release|x86
	EndGlobalSection
	GlobalSection(ProjectConfigurationPlatforms) = postSolution
		{FBC777C3-FE4E-4AF6-849B-46ABDB6500D2}.Debug|x64.ActiveCfg = Debug|x64
		{FBC777C3-FE4E-4AF6-849B-46ABDB6500D2}.Debug|x64.Build.0 = Debug|x64
		{FBC777C3-FE4E-4AF6-849B-46ABDB6500D2}.Debug|x86.ActiveCfg = Debug|Win32
		{FBC777C3-FE4E-4AF6-849B-46ABDB6500D2}.Debug|x86.Build.0 = Debug|Win32
		{FBC777C3-FE4E-4AF6-849B-46ABDB6500D2}.Release|x64.ActiveCfg = Release|x64
		{FBC777C3-FE4E-4AF6-849B-46ABDB6500D2}.Release|x64.Build.0 = Release|x64
		{FBC777C3-FE4E-4AF6-849B-46ABDB6500D2}.Release|x86.ActiveCfg = Release|Win32
		{FBC777C3-FE4E-4AF6-849B-46ABDB6500D2}.Release|x86.Build.0 = Release|Win32
		{A2066B40-A066-4711-9067-82968A683A5D}.Debug|x64.ActiveCfg = Debug|x64
		{A2066B40-A066-4711-9067-82968A683A5D}.Debug|x64.Build.0 = Debug|x64
		{A2066B40-A066-4711-9067-82968A683A5D}.Debug|x86.ActiveCfg = Debug|Win32
		{A2066B40-A066-4711-9067-82968A683A5D}.Debug|x86.Build.0 = Debug|Win32
		{A2066B40-A066-4711-9067-82968A683A5D}.Release|x64.ActiveCfg = Release|x64
		{A2066B40-A066-4711-9067-82968A683A5D}.Release|x64.Build.0 = Release|x64
		{A2066B40-A066-4711-9067-82968A683A5D}.Release|x86.ActiveCfg = Release|Win32
		{A2066B40-A066-4711-9067-82968A683A5D}.Release|x86.Build.0 = Release|Win32
		{D933B641-491A-4D11-B232-1C916ADFB8F2}.Debug|x64.ActiveCfg = Debug|x64
		{D933B641-491A-4D11-B232-1C916ADFB8F2}.Debug|x64.Build.0 = Debug|x64
		{D933B641-491A-4D11-B232-1C916ADFB8F2}.Debug|x86.ActiveCfg = Debug|Win32
		{D933B641-491A-4D11-B232-1C916ADFB8F2}.Debug|x86.Build.0 = Debug|Win32
		{D933B641-491A-4D11-B232-1C916ADFB8F2}.Release|x64.ActiveCfg = Release|x64
		{D933B641-491A-4D11-B232-1C916ADFB8F2}.Release|x64.Build.0 = Release|x64
		{D933B641-491A-4D11-B232-1C916ADFB8F2}.Release|x86.ActiveCfg = Release|Win32
		{D933B641-491A-4D11-B232-1C916ADFB8F2}.Release|x86.Build.0 = Release|Win32
		{42E7B0A5-E1F2-47E2-AC57-736B3792E518}.Debug|x64.ActiveCfg = Debug|x64
		{42E7B0A5-E1F2-47E2-AC57-736B3792E518}.Debug|x64.Build.0 = Debug|x64
		{42E7B0A5-E1F2-47E2-AC57-736B3792E518}.Debug|x86.ActiveCfg = Debug|Win32
		{42E7B0A5-E1F2-47E2-AC57-736B3792E518}.Debug|x86.Build.0 = Debug|Win32
		{42E7B0A5-E1F2-47E2-AC57-736B3792E518}.Release|x64.ActiveCfg = Release|x64
		{42E7B0A5-E1F2-47E2-AC57-736B3792E518}.Release|x64.Build.0 = Release|x64
		{42E7B0A5-E1F2-47E2-AC57-736B3792E518}.Release|x86.ActiveCfg = Release|Win32
		{42E7B0A5-E1F2-47E2-AC57-736B3792E518}.Release|x86.Build.0 = Release|Win32
		{6159AD49-0E0A-4C80-BEBB-D10C50096346}.Debug|x64.ActiveCfg = Debug|x64
		{6159AD49-0E0A-4C80-BEBB-D10C50096346}.Debug|x64.Build.0 = Debug|x64
		{6159AD49-0E0A-4C80-BEBB-D10C50096346}.Debug|x86.ActiveCfg = Debug|Win32
		{6159AD49-0E0A-4C80-BEBB-D10C50096346}.Debug|x86.Build.0 = Debug|Win32
		{6159AD49-0E0A-4C80-BEBB-D10C50096346}.Release|x64.ActiveCfg = Release|x64
		{6159AD49-0E0A-4C80-BEBB-D10C50096346}.Release|x64.Build.0 = Release|x64
		{6159AD49-0E0A-4C80-BEBB-D10C50096346}.Release|x86.ActiveCfg = Release|Win32
		{6159AD49-0E0A-4C80-BEBB-D10C50096346}.Release|x86.Build.0 = Release|Win32
		{E01644EA-4696-491F-8756-B20D656E0A70}.Debug|x64.ActiveCfg = Debug|x64
		{E01644EA-4696-491F-8756-B20D656E0A70}.Debug|x64.Build.0 = Debug|x64
		{E01644EA-4696-491F-8756-B20D656E0A70}.Debug|x86.ActiveCfg = Debug|Win32
		{E01644EA-4696-491F-8756-B20D656E0A70}.Debug|x86.Build.0 = Debug|Win32
		{E01644EA-4696-491F-8756-B20D656E0A70}.Release|x64.ActiveCfg = Release|x64
		{E01644EA-4696-491F-8756-B20D656E0A70}.Release|x64.Build.0 = Release|x64
		{E01644EA-4696-491F-8756-B20D656E0A70}.Release|x86.ActiveCfg = Release|Win32
		{E01644EA-4696-491F-8756-B20D656E0A70}.Release|x86.Build.0 = Release|Win32
		{86A5BA17-F544-4CFA-AD8A-B6FB7F263287}.Debug|x64.ActiveCfg = Debug|x64
		{86A5BA17-F544-4CFA-AD8A-B6FB7F263287}.Debug|x64.Build.0 = Debug|x64
		{86A5BA17-F544-4CFA-AD8A-B6FB7F263287}.Debug|x86.ActiveCfg = Debug|Win32
		{86A5BA17-F544-4CFA-AD8A-B6FB7F263287}.Debug|x86.Build.0 = Debug|Win32
		{86A5BA17-F544-4CFA-AD8A-B6FB7F263287}.Release|x64.ActiveCfg = Release|x64
		{86A5BA17-F544-4CFA-AD8A-B6FB7F263287}.Release|x64.Build.0 = Release|x64
		{86A5BA17-F544-4CFA-AD8A-B6FB7F263287}.Release|x86.ActiveCfg = Release|Win32
		{86A5BA17-F544-4CFA-AD8A-B6FB7F263287}.Release|x86.Build.0 = Release|Win32
		{1EE1AB04-3352-4849-AAC1-C6335A56EE39}.Debug|x64.ActiveCfg = Debug|x64
		{1EE1AB04-3352-4849-AAC1-C6335A56EE39}.Debug|x64.Build.0 = Debug|x64
		{1EE1AB04-3352-4849-AAC1-C6335A56EE39}.Debug|x86.ActiveCfg = Debug|Win32
		{1EE1AB04-3352-4849-AAC1-C6335A56EE39}.Debug|x86.Build.0 = Debug|Win32
		{1EE1AB04-3352-4849-AAC1-C6335A56EE39}.Release|x64.ActiveCfg = Release|x64
		{1EE1AB04-3352-4849-AAC1-C6335A56EE39}.Release|x64.Build.0 = Release|x64
		{1EE1AB04-3352-4849-AAC1-C6335A56EE39}.Release|x86.ActiveCfg = Release|Win32
		{1EE1AB04-3352-4849-AAC1-C6335A56EE39}.Release|x86.Build.0 = Release|Win32
		{36558C93-D169-4854-914C-2C585E06E37A}.Debug|x64.ActiveCfg = Debug|x64
		{36558C93-D169-4854-914C-2C585E06E37A}.Debug|x64.Build.0 = Debug|x64
		{36558C93-D169-4854-914C-2C585E06E37A}.Debug|x86.ActiveCfg = Debug|Win32
		{36558C93-D169-4854-914C-2C585E06E37A}.Debug|x86.Build.0 = Debug|Win32
		{36558C93-D169-4854-914C-2C585E06E37A}.Release|x64.ActiveCfg = Release|x64
		{36558C93-D169-4854-914C-2C585E06E37A}.Release|x64.Build.0 = Release|x64
		{36558C93-D169-4854-914C-2C585E06E37A}.Release|x86.ActiveCfg = Release|Win32
		{36558C93-D169-4854-914C-2C585E06E37A}.Release|x86.Build.0 = Release|Win32
		{499DC332-28BC-4D9A-AA7A-433E2805FD40}.Debug|x64.ActiveCfg = Debug|x64
		{499DC332-28BC-4D9A-AA7A-433E2805FD40}.Debug|x64.Build.0 = Debug|x64
		{499DC332-28BC-4D9A-AA7A-433E2805FD40}.Debug|x86.ActiveCfg = Debug|Win32
		{499DC332-28BC-4D9A-AA7A-433E2805FD40}.Debug|x86.Build.0 = Debug|Win32
		{499DC332-28BC-4D9A-AA7A-433E2805FD40}.Release|x64.ActiveCfg = Release|x64
		{499DC332-28BC-4D9A-AA7A-433E2805FD40}.Release|x64.Build.0 = Release|x64
		{499DC332-28BC-4D9A-AA7A-433E2805FD40}.Release|x86.ActiveCfg = Release|Win32
		{499DC332-28BC-4D9A-AA7A-433E2805FD40}.Release|x86.Build.0 = Release|Win32
		{85008908-AA27-4A74-951B-C3A9905D4BD1}.Debug|x64.ActiveCfg = Debug|x64
		{85008908-AA27-4A74-951B-C3A9905D4BD1}.Debug|x64.Build.0 = Debug|x64
		{85008908-AA27-4A74-951B-C3A9905D4BD1}.Debug|x86.ActiveCfg = Debug|Win32
		{85008908-AA27-4A74-951B-C3A9905D4BD1}.Debug|x86.Build.0 = Debug|Win32
		{85008908-AA27-4A74-951B-C3A9905D4BD1}.Release|x64.ActiveCfg = Release|x64
		{85008908-AA27-4A74-951B-C3A9905D4BD1}.Release|x64.Build.0 = Release|x64
		{85008908-AA27-4A74-951B-C3A9905D4BD1}.Release|x86.ActiveCfg = Release|Win32
		{85008908-AA27-4A74-951B-C3A9905D4BD1}.Release|x86.Build.0 = Release|Win32
		{65C7BA41-5304-49B6-A861-B327D39F1AB6}.Debug|x64.ActiveCfg = Debug|x64
		{65C7BA41-5304-49B6-A861-B327D39F1AB6}.Debug|x64.Build.0 = Debug|x64
		{65C7BA41-5304-49B6-A861-B327D39F1AB6}.Debug|x86.ActiveCfg = Debug|Win32
		{65C7BA41-5304-49B6-A861-B327D39F1AB6}.Debug|x86.Build.0 = Debug|Win32
		{65C7BA41-5304-49B6-A861-B327D39F1AB6}.Release|x64.ActiveCfg = Release|x64
		{65C7BA41-5304-49B6-A861-B327D39F1AB6}.Release|x64.Build.0 = Release|x64
		{65C7BA41-5304-49B6-A861-B327D39F1AB6}.Release|x86.ActiveCfg = Release|Win32
		{65C7BA41-5304-49B6-A861-B327D39F1AB6}.Release|x86.Build.0 = Release|Win32
		{101F8690-4C5F-47F9-A6A3-B9FA726F9C6E}.Debug|x64.ActiveCfg = Debug|x64
		{101F8690-4C5F-47F9-A6A3-B9FA726F9C6E}.Debug|x64.Build.0 = Debug|x64
		{101F8690-4C5F-47F9-A6A3-B9FA726F9C6E}.Debug|x86.ActiveCfg = Debug|Win32
		{101F8690-4C5F-47F9-A6A3-B9FA726F9C6E}.Debug|x86.Build.0 = Debug|Win32
		{101F8690-4C5F-47F9-A6A3-B9FA726F9C6E}.Release|x64.ActiveCfg = Release|x64
		{101F8690-4C5F-47F9-A6A3-B9FA726F9C6E}.Release|x64.Build.0 = Release|x64
		{101F8690-4C5F-47F9-A6A3-B9FA726F9C6E}.Release|x86.ActiveCfg = Release|Win32
		{101F8690-4C5F-47F9-A6A3-B9FA726F9C6E}.Release|x86.Build.0 = Release|Win32
		{BA40F970-0A0D-474E-B6FA-82AD5EB952D1}.Debug|x64.ActiveCfg = Debug|x64
		{BA40F970-0A0D-474E-B6FA-82AD5EB952D1}.Debug|x64.Build.0 = Debug|x64
		{BA40F970-0A0D-474E-B6FA-82AD5EB952D1}.Debug|x86.ActiveCfg = Debug|Win32
		{BA40F970-0A0D-474E-B6FA-82AD5EB952D1}.Debug|x86.Build.0 = Debug|Win32
		{BA40F970-0A0D-474E-B6FA-82AD5EB952D1}.Release|x64.ActiveCfg = Release|x64
		{BA40F970-0A0D-474E-B6FA-82AD5EB952D1}.Release|x64.Build.0 = Release|x64
		{BA40F970-0A0D-474E-B6FA-82AD5EB952D1}.Release|x86.ActiveCfg = Release|Win32
		{BA40F970-0A0D-474E-B6FA-82AD5EB952D1}.Release|x86.Build.0 = Release|Win32
		{A3917ABD-DF9E-4BF0-801A-D31969A0F044}.Debug|x64.ActiveCfg = Debug|x64
		{A3917ABD-DF9E-4BF0-801A-D31969A0F044}.Debug|x64.Build.0 = Debug|x64
		{A3917ABD-DF9E-4BF0-801A-D31969A0F044}.Debug|x86.ActiveCfg = Debug|Win32
		{A3917ABD-DF9E-4BF0-801A-D31969A0F044}.Debug|x86.Build.0 = Debug|Win32
		{A3917ABD-DF9E-4BF0-801A-D31969A0F044}.Release|x64.ActiveCfg = Release|x64
		{A3917ABD-DF9E-4BF0-801A-D31969A0F044}.Release|x64.Build.0 = Release|x64
		{A3917ABD-DF9E-4BF0-801A-D31969A0F044}.Release|x86.ActiveCfg = Release|Win32
		{A3917ABD-DF9E-4BF0-801A-D31969A0F044}.Release|x86.Build.0 = Release|Win32
		{81C8D967-D016-4791-B804-21F853E3CFD7}.Debug|x64.ActiveCfg = Debug|x64
		{81C8D967-D016-4791-B804-21F853E3CFD7}.Debug|x64.Build.0 = Debug|x64
		{81C8D967-D016-4791-B804-21F853E3CFD7}.Debug|x86.ActiveCfg = Debug|Win32
		{81C8D967-D016-4791-B804-21F853E3CFD7}.Debug|x86.Build.0 = Debug|Win32
		{81C8D967-D016-4791-B804-21F853E3CFD7}.Release|x64.ActiveCfg = Release|x64
		{81C8D967-D016-4791-B804-21F853E3CFD7}.Release|x64.Build.0 = Release|x64
		{81C8D967-D016-4791-B804-21F853E3CFD7}.Release|x86.ActiveCfg = Release|Win32
		{81C8D967-D016-4791-B804-21F853E3CFD7}.Release|x86.Build.0 = Release|Win32
		{0ABA603F-5EF1-47A4-AB03-E5DF36ADB031}.Debug|x64.ActiveCfg = Debug|x64
		{0ABA603F-5EF1-47A4-AB03-E5DF36ADB031}.Debug|x64.Build.0 = Debug|x64
		{0ABA603F-5EF1-47A4-AB03-E5DF36ADB031}.Debug|x86.ActiveCfg = Debug|Win32
		{0ABA603F-5EF1-47A4-AB03-E5DF36ADB031}.Debug|x86.Build.0 = Debug|Win32
		{0ABA603F-5EF1-47A4-AB03-E5DF36ADB031}.Release|x64.ActiveCfg = Release|x64
		{0ABA603F-5EF1-47A4-AB03-E5DF36ADB031}.Release|x64.Build.0 = Release|x64
		{0ABA603F-5EF1-47A4-AB03-E5DF36ADB031}.Release|x86.ActiveCfg = Release|Win32
		{0ABA603F-5EF1-47A4-AB03-E5DF36ADB031}.Release|x86.Build.0 = Release|Win32
		{407CA149-7E1B-49C4-993F-DAC81407319C}.Debug|x64.ActiveCfg = Debug|x64
		{407CA149-7E1B-49C4-993F-DAC81407319C}.Debug|x64.Build.0 = Debug|x64
		{407CA149-7E1B-49C4-993F-DAC81407319C}.Debug|x86.ActiveCfg = Debug|Win32
		{407CA149-7E1B-49C4-993F-DAC81407319C}.Debug|x86.Build.0 = Debug|Win32
		{407CA149-7E1B-49C4-993F-DAC81407319C}.Release|x64.ActiveCfg = Release|x64
		{407CA149-7E1B-49C4-993F-DAC81407319C}.Release|x64.Build.0 = Release|x64
		{407CA149-7E1B-49C4-993F-DAC81407319C}.Release|x86.ActiveCfg = Release|Win32
		{407CA149-7E1B-49C4-993F-DAC81407319C}.Release|x86.Build.0 = Release|Win32
		{0726F1FE-354D-484C-BF77-CA7AAA732AE1}.Debug|x64.ActiveCfg = Debug|x64
		{0726F1FE-354D-484C-BF77-CA7AAA732AE1}.Debug|x64.Build.0 = Debug|x64
		{0726F1FE-354D-484C-BF77-CA7AAA732AE1}.Debug|x86.ActiveCfg = Debug|Win32
		{0726F1FE-354D-484C-BF77-CA7AAA732AE1}.Debug|x86.Build.0 = Debug|Win32
		{0726F1FE-354D-484C-BF77-CA7AAA732AE1}.Release|x64.ActiveCfg = Release|x64
		{0726F1FE-354D-484C-BF77-CA7AAA732AE1}.Release|x64.Build.0 = Release|x64
		{0726F1FE-354D-484C-BF77-CA7AAA732AE1}.Release|x86.ActiveCfg = Release|Win32
		{0726F1FE-354D-484C-BF77-CA7AAA732AE1}.Release|x86.Build.0 = Release|Win32
		{2776C9F4-431A-43D8-A523-EC534AAE9116}.Debug|x64.ActiveCfg = Debug|x64
		{2776C9F4-431A-43D8-A523-EC534AAE9116}.Debug|x64.Build.0 = Debug|x64
		{2776C9F4-431A-43D8-A523-EC534AAE9116}.Debug|x86.ActiveCfg = Debug|Win32
		{2776C9F4-431A-43D8-A523-EC534AAE9116}.Debug|x86.Build.0 = Debug|Win32
		{2776C9F4-431A-43D8-A523-EC534AAE9116}.Release|x64.ActiveCfg = Release|x64
		{2776C9F4-431A-43D8-A523-EC534AAE9116}.Release|x64.Build.0 = Release|x64
		{2776C9F4-431A-43D8-A523-EC534AAE9116}.Release|x86.ActiveCfg = Release|Win32
		{2776C9F4-431A-43D8-A523-EC534AAE9116}.Release|x86.Build.0 = Release|Win32
		{A92229BB-4024-4E2B-A53B-EEC70F78C919}.Debug|x64.ActiveCfg = Debug|x64
		{A92229BB-4024-4E2B-A53B-EEC70F78C919}.Debug|x64.Build.0 = Debug|x64
		{A92229BB-4024-4E2B-A53B-EEC70F78C919}.Debug|x86.ActiveCfg = Debug|Win32
		{A92229BB-4024-4E2B-A53B-EEC70F78C919}.Debug|x86.Build.0 = Debug|Win32
		{A92229BB-4024-4E2B-A53B-EEC70F78C919}.Release|x64.ActiveCfg = Release|x64
		{A92229BB-4024-4E2B-A53B-EEC70F78C919}.Release|x64.Build.0 = Release|x64
		{A92229BB-4024-4E2B-A53B-EEC70F78C919}.Release|x86.ActiveCfg = Release|Win32
		{A92229BB-4024-4E2B-A53B-EEC70F78C919}.Release|x86.Build.0 = Release|Win32
		{85F966EB-ED28-4A76-AD68-356DA72C3DAF}.Debug|x64.ActiveCfg = Debug|x64
		{85F966EB-ED28-4A76-AD68-356DA72C3DAF}.Debug|x64.Build.0 = Debug|x64
		{85F966EB-ED28-4A76-AD68-356DA72C3DAF}.Debug|x86.ActiveCfg = Debug|Win32
		{85F966EB-ED28-4A76-AD68-356DA72C3DAF}.Debug|x86.Build.0 = Debug|Win32
		{85F966EB-ED28-4A76-AD68-356DA72C3DAF}.Release|x64.ActiveCfg = Release|x64
		{85F966EB-ED28-4A76-AD68-356DA72C3DAF}.Release|x64.Build.0 = Release|x64
		{85F966EB-ED28-4A76-AD68-356DA72C3DAF}.Release|x86.ActiveCfg = Release|Win32
		{85F966EB-ED28-4A76-AD68-356DA72C3DAF}.Release|x86.Build.0 = Release|Win32
		{6EE2F9DB-03BB-4A8E-84C7-5535D0844867}.Debug|x64.ActiveCfg = Debug|x64
		{6EE2F9DB-03BB-4A8E-84C7-5535D0844867}.Debug|x64.Build.0 = Debug|x64
		{6EE2F9DB-03BB-4A8E-84C7-5535D0844867}.Debug|x86.ActiveCfg = Debug|Win32
		{6EE2F9DB-03BB-4A8E-84C7-5535D0844867}.Debug|x86.Build.0 = Debug|Win32
		{6EE2F9DB-03BB-4A8E-84C7-5535D0844867}.Release|x64.ActiveCfg = Release|x64
		{6EE2F9DB-03BB-4A8E-84C7-5535D0844867}.Release|x64.Build.0 = Release|x64
		{6EE2F9DB-03BB-4A8E-84C7-5535D0844867}.Release|x86.ActiveCfg = Release|Win32
		{6EE2F9DB-03BB-4A8E-84C7-5535D0844867}.Release|x86.Build.0 = Release|Win32
	EndGlobalSection
	GlobalSection(SolutionProperties) = preSolution
		HideSolutionNode = FALSE
	EndGlobalSection
	GlobalSection(ExtensibilityGlobals) = postSolution
		SolutionGuid = {EF44F427-FC1F-46E1-827E-62A3020BD4AF}
	EndGlobalSection
EndGlobal
