
Microsoft Visual Studio Solution File, Format Version 12.00
# Visual Studio Version 17
VisualStudioVersion = 17.4.33213.308
MinimumVisualStudioVersion = 10.0.40219.1
Project("{8BC9CEB8-8B4A-11D0-8D11-00A0C91BC942}") = "1-1", "1-1\1-1.vcxproj", "{EC30CC2C-E4B7-46CE-B4BA-4937A3D522B1}"
EndProject
Project("{8BC9CEB8-8B4A-11D0-8D11-00A0C91BC942}") = "1-2", "1-2\1-2.vcxproj", "{9298CD63-F7E9-40DE-B118-653E0DC97626}"
EndProject
Project("{8BC9CEB8-8B4A-11D0-8D11-00A0C91BC942}") = "1-3", "1-3\1-3.vcxproj", "{CFFDA5E8-A6AE-4F23-84FB-9A2C2C88A6B3}"
EndProject
Project("{8BC9CEB8-8B4A-11D0-8D11-00A0C91BC942}") = "1-4", "1-4\1-4.vcxproj", "{FF55AC6B-8B77-4E70-AD1D-F69E2C965F37}"
EndProject
Project("{8BC9CEB8-8B4A-11D0-8D11-00A0C91BC942}") = "2-1", "2-1\2-1.vcxproj", "{11C9FEFB-FE6D-4024-A7BF-06020200861A}"
EndProject
Project("{8BC9CEB8-8B4A-11D0-8D11-00A0C91BC942}") = "3-1", "3-1\3-1.vcxproj", "{AA35E48A-8ECB-43F3-A5E3-525AC5B811AB}"
EndProject
Project("{8BC9CEB8-8B4A-11D0-8D11-00A0C91BC942}") = "3-2", "3-2\3-2.vcxproj", "{85684D23-BD65-4928-AAEA-3D45F2D7BB51}"
EndProject
Project("{8BC9CEB8-8B4A-11D0-8D11-00A0C91BC942}") = "3-3", "3-3\3-3.vcxproj", "{4763C7CB-B4F0-4F28-9749-04B4ECC46EB2}"
EndProject
Project("{8BC9CEB8-8B4A-11D0-8D11-00A0C91BC942}") = "3-4", "3-4\3-4.vcxproj", "{D07FF323-6E42-460E-A9D8-A5B3EEBE8920}"
EndProject
Project("{8BC9CEB8-8B4A-11D0-8D11-00A0C91BC942}") = "3-5", "3-5\3-5.vcxproj", "{821F5294-83C6-42C5-8B46-91EE6F107871}"
EndProject
Project("{8BC9CEB8-8B4A-11D0-8D11-00A0C91BC942}") = "4-1", "4-1\4-1.vcxproj", "{742A327C-5343-4320-B7BA-30C7A042012E}"
EndProject
Project("{8BC9CEB8-8B4A-11D0-8D11-00A0C91BC942}") = "4-2", "4-2\4-2.vcxproj", "{495BF7CF-55FE-4F18-B532-030CEEEC2DC0}"
EndProject
Project("{8BC9CEB8-8B4A-11D0-8D11-00A0C91BC942}") = "4-3", "4-3\4-3.vcxproj", "{46284EE0-1338-4F8E-9EED-B76CBFD58B7E}"
EndProject
Project("{8BC9CEB8-8B4A-11D0-8D11-00A0C91BC942}") = "linkedlist", "linkedlist\linkedlist.vcxproj", "{B6E69100-ABE2-4232-96EA-3BFABB286CC4}"
EndProject
Project("{8BC9CEB8-8B4A-11D0-8D11-00A0C91BC942}") = "8-1", "8-1\8-1.vcxproj", "{6D84D0BE-9A65-4808-8783-6B3CCCD056B5}"
EndProject
Global
	GlobalSection(SolutionConfigurationPlatforms) = preSolution
		Debug|x64 = Debug|x64
		Debug|x86 = Debug|x86
		Release|x64 = Release|x64
		Release|x86 = Release|x86
	EndGlobalSection
	GlobalSection(ProjectConfigurationPlatforms) = postSolution
		{EC30CC2C-E4B7-46CE-B4BA-4937A3D522B1}.Debug|x64.ActiveCfg = Debug|x64
		{EC30CC2C-E4B7-46CE-B4BA-4937A3D522B1}.Debug|x64.Build.0 = Debug|x64
		{EC30CC2C-E4B7-46CE-B4BA-4937A3D522B1}.Debug|x86.ActiveCfg = Debug|Win32
		{EC30CC2C-E4B7-46CE-B4BA-4937A3D522B1}.Debug|x86.Build.0 = Debug|Win32
		{EC30CC2C-E4B7-46CE-B4BA-4937A3D522B1}.Release|x64.ActiveCfg = Release|x64
		{EC30CC2C-E4B7-46CE-B4BA-4937A3D522B1}.Release|x64.Build.0 = Release|x64
		{EC30CC2C-E4B7-46CE-B4BA-4937A3D522B1}.Release|x86.ActiveCfg = Release|Win32
		{EC30CC2C-E4B7-46CE-B4BA-4937A3D522B1}.Release|x86.Build.0 = Release|Win32
		{9298CD63-F7E9-40DE-B118-653E0DC97626}.Debug|x64.ActiveCfg = Debug|x64
		{9298CD63-F7E9-40DE-B118-653E0DC97626}.Debug|x64.Build.0 = Debug|x64
		{9298CD63-F7E9-40DE-B118-653E0DC97626}.Debug|x86.ActiveCfg = Debug|Win32
		{9298CD63-F7E9-40DE-B118-653E0DC97626}.Debug|x86.Build.0 = Debug|Win32
		{9298CD63-F7E9-40DE-B118-653E0DC97626}.Release|x64.ActiveCfg = Release|x64
		{9298CD63-F7E9-40DE-B118-653E0DC97626}.Release|x64.Build.0 = Release|x64
		{9298CD63-F7E9-40DE-B118-653E0DC97626}.Release|x86.ActiveCfg = Release|Win32
		{9298CD63-F7E9-40DE-B118-653E0DC97626}.Release|x86.Build.0 = Release|Win32
		{CFFDA5E8-A6AE-4F23-84FB-9A2C2C88A6B3}.Debug|x64.ActiveCfg = Debug|x64
		{CFFDA5E8-A6AE-4F23-84FB-9A2C2C88A6B3}.Debug|x64.Build.0 = Debug|x64
		{CFFDA5E8-A6AE-4F23-84FB-9A2C2C88A6B3}.Debug|x86.ActiveCfg = Debug|Win32
		{CFFDA5E8-A6AE-4F23-84FB-9A2C2C88A6B3}.Debug|x86.Build.0 = Debug|Win32
		{CFFDA5E8-A6AE-4F23-84FB-9A2C2C88A6B3}.Release|x64.ActiveCfg = Release|x64
		{CFFDA5E8-A6AE-4F23-84FB-9A2C2C88A6B3}.Release|x64.Build.0 = Release|x64
		{CFFDA5E8-A6AE-4F23-84FB-9A2C2C88A6B3}.Release|x86.ActiveCfg = Release|Win32
		{CFFDA5E8-A6AE-4F23-84FB-9A2C2C88A6B3}.Release|x86.Build.0 = Release|Win32
		{FF55AC6B-8B77-4E70-AD1D-F69E2C965F37}.Debug|x64.ActiveCfg = Debug|x64
		{FF55AC6B-8B77-4E70-AD1D-F69E2C965F37}.Debug|x64.Build.0 = Debug|x64
		{FF55AC6B-8B77-4E70-AD1D-F69E2C965F37}.Debug|x86.ActiveCfg = Debug|Win32
		{FF55AC6B-8B77-4E70-AD1D-F69E2C965F37}.Debug|x86.Build.0 = Debug|Win32
		{FF55AC6B-8B77-4E70-AD1D-F69E2C965F37}.Release|x64.ActiveCfg = Release|x64
		{FF55AC6B-8B77-4E70-AD1D-F69E2C965F37}.Release|x64.Build.0 = Release|x64
		{FF55AC6B-8B77-4E70-AD1D-F69E2C965F37}.Release|x86.ActiveCfg = Release|Win32
		{FF55AC6B-8B77-4E70-AD1D-F69E2C965F37}.Release|x86.Build.0 = Release|Win32
		{11C9FEFB-FE6D-4024-A7BF-06020200861A}.Debug|x64.ActiveCfg = Debug|x64
		{11C9FEFB-FE6D-4024-A7BF-06020200861A}.Debug|x64.Build.0 = Debug|x64
		{11C9FEFB-FE6D-4024-A7BF-06020200861A}.Debug|x86.ActiveCfg = Debug|Win32
		{11C9FEFB-FE6D-4024-A7BF-06020200861A}.Debug|x86.Build.0 = Debug|Win32
		{11C9FEFB-FE6D-4024-A7BF-06020200861A}.Release|x64.ActiveCfg = Release|x64
		{11C9FEFB-FE6D-4024-A7BF-06020200861A}.Release|x64.Build.0 = Release|x64
		{11C9FEFB-FE6D-4024-A7BF-06020200861A}.Release|x86.ActiveCfg = Release|Win32
		{11C9FEFB-FE6D-4024-A7BF-06020200861A}.Release|x86.Build.0 = Release|Win32
		{AA35E48A-8ECB-43F3-A5E3-525AC5B811AB}.Debug|x64.ActiveCfg = Debug|x64
		{AA35E48A-8ECB-43F3-A5E3-525AC5B811AB}.Debug|x64.Build.0 = Debug|x64
		{AA35E48A-8ECB-43F3-A5E3-525AC5B811AB}.Debug|x86.ActiveCfg = Debug|Win32
		{AA35E48A-8ECB-43F3-A5E3-525AC5B811AB}.Debug|x86.Build.0 = Debug|Win32
		{AA35E48A-8ECB-43F3-A5E3-525AC5B811AB}.Release|x64.ActiveCfg = Release|x64
		{AA35E48A-8ECB-43F3-A5E3-525AC5B811AB}.Release|x64.Build.0 = Release|x64
		{AA35E48A-8ECB-43F3-A5E3-525AC5B811AB}.Release|x86.ActiveCfg = Release|Win32
		{AA35E48A-8ECB-43F3-A5E3-525AC5B811AB}.Release|x86.Build.0 = Release|Win32
		{85684D23-BD65-4928-AAEA-3D45F2D7BB51}.Debug|x64.ActiveCfg = Debug|x64
		{85684D23-BD65-4928-AAEA-3D45F2D7BB51}.Debug|x64.Build.0 = Debug|x64
		{85684D23-BD65-4928-AAEA-3D45F2D7BB51}.Debug|x86.ActiveCfg = Debug|Win32
		{85684D23-BD65-4928-AAEA-3D45F2D7BB51}.Debug|x86.Build.0 = Debug|Win32
		{85684D23-BD65-4928-AAEA-3D45F2D7BB51}.Release|x64.ActiveCfg = Release|x64
		{85684D23-BD65-4928-AAEA-3D45F2D7BB51}.Release|x64.Build.0 = Release|x64
		{85684D23-BD65-4928-AAEA-3D45F2D7BB51}.Release|x86.ActiveCfg = Release|Win32
		{85684D23-BD65-4928-AAEA-3D45F2D7BB51}.Release|x86.Build.0 = Release|Win32
		{4763C7CB-B4F0-4F28-9749-04B4ECC46EB2}.Debug|x64.ActiveCfg = Debug|x64
		{4763C7CB-B4F0-4F28-9749-04B4ECC46EB2}.Debug|x64.Build.0 = Debug|x64
		{4763C7CB-B4F0-4F28-9749-04B4ECC46EB2}.Debug|x86.ActiveCfg = Debug|Win32
		{4763C7CB-B4F0-4F28-9749-04B4ECC46EB2}.Debug|x86.Build.0 = Debug|Win32
		{4763C7CB-B4F0-4F28-9749-04B4ECC46EB2}.Release|x64.ActiveCfg = Release|x64
		{4763C7CB-B4F0-4F28-9749-04B4ECC46EB2}.Release|x64.Build.0 = Release|x64
		{4763C7CB-B4F0-4F28-9749-04B4ECC46EB2}.Release|x86.ActiveCfg = Release|Win32
		{4763C7CB-B4F0-4F28-9749-04B4ECC46EB2}.Release|x86.Build.0 = Release|Win32
		{D07FF323-6E42-460E-A9D8-A5B3EEBE8920}.Debug|x64.ActiveCfg = Debug|x64
		{D07FF323-6E42-460E-A9D8-A5B3EEBE8920}.Debug|x64.Build.0 = Debug|x64
		{D07FF323-6E42-460E-A9D8-A5B3EEBE8920}.Debug|x86.ActiveCfg = Debug|Win32
		{D07FF323-6E42-460E-A9D8-A5B3EEBE8920}.Debug|x86.Build.0 = Debug|Win32
		{D07FF323-6E42-460E-A9D8-A5B3EEBE8920}.Release|x64.ActiveCfg = Release|x64
		{D07FF323-6E42-460E-A9D8-A5B3EEBE8920}.Release|x64.Build.0 = Release|x64
		{D07FF323-6E42-460E-A9D8-A5B3EEBE8920}.Release|x86.ActiveCfg = Release|Win32
		{D07FF323-6E42-460E-A9D8-A5B3EEBE8920}.Release|x86.Build.0 = Release|Win32
		{821F5294-83C6-42C5-8B46-91EE6F107871}.Debug|x64.ActiveCfg = Debug|x64
		{821F5294-83C6-42C5-8B46-91EE6F107871}.Debug|x64.Build.0 = Debug|x64
		{821F5294-83C6-42C5-8B46-91EE6F107871}.Debug|x86.ActiveCfg = Debug|Win32
		{821F5294-83C6-42C5-8B46-91EE6F107871}.Debug|x86.Build.0 = Debug|Win32
		{821F5294-83C6-42C5-8B46-91EE6F107871}.Release|x64.ActiveCfg = Release|x64
		{821F5294-83C6-42C5-8B46-91EE6F107871}.Release|x64.Build.0 = Release|x64
		{821F5294-83C6-42C5-8B46-91EE6F107871}.Release|x86.ActiveCfg = Release|Win32
		{821F5294-83C6-42C5-8B46-91EE6F107871}.Release|x86.Build.0 = Release|Win32
		{742A327C-5343-4320-B7BA-30C7A042012E}.Debug|x64.ActiveCfg = Debug|x64
		{742A327C-5343-4320-B7BA-30C7A042012E}.Debug|x64.Build.0 = Debug|x64
		{742A327C-5343-4320-B7BA-30C7A042012E}.Debug|x86.ActiveCfg = Debug|Win32
		{742A327C-5343-4320-B7BA-30C7A042012E}.Debug|x86.Build.0 = Debug|Win32
		{742A327C-5343-4320-B7BA-30C7A042012E}.Release|x64.ActiveCfg = Release|x64
		{742A327C-5343-4320-B7BA-30C7A042012E}.Release|x64.Build.0 = Release|x64
		{742A327C-5343-4320-B7BA-30C7A042012E}.Release|x86.ActiveCfg = Release|Win32
		{742A327C-5343-4320-B7BA-30C7A042012E}.Release|x86.Build.0 = Release|Win32
		{495BF7CF-55FE-4F18-B532-030CEEEC2DC0}.Debug|x64.ActiveCfg = Debug|x64
		{495BF7CF-55FE-4F18-B532-030CEEEC2DC0}.Debug|x64.Build.0 = Debug|x64
		{495BF7CF-55FE-4F18-B532-030CEEEC2DC0}.Debug|x86.ActiveCfg = Debug|Win32
		{495BF7CF-55FE-4F18-B532-030CEEEC2DC0}.Debug|x86.Build.0 = Debug|Win32
		{495BF7CF-55FE-4F18-B532-030CEEEC2DC0}.Release|x64.ActiveCfg = Release|x64
		{495BF7CF-55FE-4F18-B532-030CEEEC2DC0}.Release|x64.Build.0 = Release|x64
		{495BF7CF-55FE-4F18-B532-030CEEEC2DC0}.Release|x86.ActiveCfg = Release|Win32
		{495BF7CF-55FE-4F18-B532-030CEEEC2DC0}.Release|x86.Build.0 = Release|Win32
		{46284EE0-1338-4F8E-9EED-B76CBFD58B7E}.Debug|x64.ActiveCfg = Debug|x64
		{46284EE0-1338-4F8E-9EED-B76CBFD58B7E}.Debug|x64.Build.0 = Debug|x64
		{46284EE0-1338-4F8E-9EED-B76CBFD58B7E}.Debug|x86.ActiveCfg = Debug|Win32
		{46284EE0-1338-4F8E-9EED-B76CBFD58B7E}.Debug|x86.Build.0 = Debug|Win32
		{46284EE0-1338-4F8E-9EED-B76CBFD58B7E}.Release|x64.ActiveCfg = Release|x64
		{46284EE0-1338-4F8E-9EED-B76CBFD58B7E}.Release|x64.Build.0 = Release|x64
		{46284EE0-1338-4F8E-9EED-B76CBFD58B7E}.Release|x86.ActiveCfg = Release|Win32
		{46284EE0-1338-4F8E-9EED-B76CBFD58B7E}.Release|x86.Build.0 = Release|Win32
		{B6E69100-ABE2-4232-96EA-3BFABB286CC4}.Debug|x64.ActiveCfg = Debug|x64
		{B6E69100-ABE2-4232-96EA-3BFABB286CC4}.Debug|x64.Build.0 = Debug|x64
		{B6E69100-ABE2-4232-96EA-3BFABB286CC4}.Debug|x86.ActiveCfg = Debug|Win32
		{B6E69100-ABE2-4232-96EA-3BFABB286CC4}.Debug|x86.Build.0 = Debug|Win32
		{B6E69100-ABE2-4232-96EA-3BFABB286CC4}.Release|x64.ActiveCfg = Release|x64
		{B6E69100-ABE2-4232-96EA-3BFABB286CC4}.Release|x64.Build.0 = Release|x64
		{B6E69100-ABE2-4232-96EA-3BFABB286CC4}.Release|x86.ActiveCfg = Release|Win32
		{B6E69100-ABE2-4232-96EA-3BFABB286CC4}.Release|x86.Build.0 = Release|Win32
		{6D84D0BE-9A65-4808-8783-6B3CCCD056B5}.Debug|x64.ActiveCfg = Debug|x64
		{6D84D0BE-9A65-4808-8783-6B3CCCD056B5}.Debug|x64.Build.0 = Debug|x64
		{6D84D0BE-9A65-4808-8783-6B3CCCD056B5}.Debug|x86.ActiveCfg = Debug|Win32
		{6D84D0BE-9A65-4808-8783-6B3CCCD056B5}.Debug|x86.Build.0 = Debug|Win32
		{6D84D0BE-9A65-4808-8783-6B3CCCD056B5}.Release|x64.ActiveCfg = Release|x64
		{6D84D0BE-9A65-4808-8783-6B3CCCD056B5}.Release|x64.Build.0 = Release|x64
		{6D84D0BE-9A65-4808-8783-6B3CCCD056B5}.Release|x86.ActiveCfg = Release|Win32
		{6D84D0BE-9A65-4808-8783-6B3CCCD056B5}.Release|x86.Build.0 = Release|Win32
	EndGlobalSection
	GlobalSection(SolutionProperties) = preSolution
		HideSolutionNode = FALSE
	EndGlobalSection
	GlobalSection(ExtensibilityGlobals) = postSolution
		SolutionGuid = {5A8D27A4-04FF-41BB-A713-01F91600CFED}
	EndGlobalSection
EndGlobal
